
Microsoft Visual Studio Solution File, Format Version 12.00
# Visual Studio 15
VisualStudioVersion = 15.0.27703.2000
MinimumVisualStudioVersion = 10.0.40219.1
Project("{8BC9CEB8-8B4A-11D0-8D11-00A0C91BC942}") = "BubbleSort", "Sorting Algorithms\BubbleSort\BubbleSort.vcxproj", "{3684F5EF-B403-4125-9F95-4CEE863B7A0C}"
EndProject
Project("{2150E333-8FDC-42A3-9474-1A3956D46DE8}") = "Sorting Algorithms", "Sorting Algorithms", "{D98769AE-97AC-4EB0-AA92-44793C402B44}"
EndProject
Project("{2150E333-8FDC-42A3-9474-1A3956D46DE8}") = "Searching Algorithms", "Searching Algorithms", "{B9C014CE-4A7D-4894-826C-426D743F461F}"
EndProject
Project("{8BC9CEB8-8B4A-11D0-8D11-00A0C91BC942}") = "BinarySearch", "Searching Algorithms\BinarySearch\BinarySearch.vcxproj", "{634C69D2-E792-4C43-A99B-91A941DDA2B0}"
EndProject
Project("{8BC9CEB8-8B4A-11D0-8D11-00A0C91BC942}") = "Insertion Sort", "Sorting Algorithms\Insertion Sort\Insertion Sort.vcxproj", "{8E203F80-7793-4F87-8EF8-4755FC9D2C2F}"
EndProject
Project("{8BC9CEB8-8B4A-11D0-8D11-00A0C91BC942}") = "Test", "Test\Test.vcxproj", "{193140ED-A9BE-498A-BBE0-84D9521644D8}"
EndProject
Project("{8BC9CEB8-8B4A-11D0-8D11-00A0C91BC942}") = "SortingAlgos", "Sorting Algorithms\SortingAlgos\SortingAlgos.vcxproj", "{A5BD0511-6734-4802-8758-3D784377065A}"
EndProject
Project("{8BC9CEB8-8B4A-11D0-8D11-00A0C91BC942}") = "MergeSort", "Sorting Algorithms\MergeSort\MergeSort.vcxproj", "{28322B17-8227-4D47-B0B8-339E5E4BD996}"
EndProject
Project("{8BC9CEB8-8B4A-11D0-8D11-00A0C91BC942}") = "QuickSort", "QuickSort\QuickSort.vcxproj", "{9C2C5CB2-9AB6-433A-8CD4-8263AB10797F}"
EndProject
Project("{8BC9CEB8-8B4A-11D0-8D11-00A0C91BC942}") = "SelectionSort", "SelectionSort\SelectionSort.vcxproj", "{8A2AF8D4-2B88-4BA7-B533-81E733A68AE3}"
EndProject
Project("{8BC9CEB8-8B4A-11D0-8D11-00A0C91BC942}") = "HeapSort", "HeapSort\HeapSort.vcxproj", "{09EB9C92-7B29-4369-B597-8A16179FA44E}"
EndProject
Project("{2150E333-8FDC-42A3-9474-1A3956D46DE8}") = "CrackingCodingInterview", "CrackingCodingInterview", "{F588B745-965C-4D6C-93B5-84CD28B51A56}"
EndProject
Project("{2150E333-8FDC-42A3-9474-1A3956D46DE8}") = "vAnil", "vAnil", "{EF65F4B4-D894-4656-81AE-B1CCD06D7CE1}"
EndProject
Project("{2150E333-8FDC-42A3-9474-1A3956D46DE8}") = "vDimple", "vDimple", "{A449C3C3-AF23-41A7-970D-5B5CF4800D4C}"
EndProject
Project("{2150E333-8FDC-42A3-9474-1A3956D46DE8}") = "01 Array", "01 Array", "{507D99B0-24A4-4044-87D6-2B4AB9A9ACFF}"
EndProject
Project("{2150E333-8FDC-42A3-9474-1A3956D46DE8}") = "01 Array", "01 Array", "{CFF2D496-F46D-4F42-8694-9EAA250D9F43}"
EndProject
Project("{8BC9CEB8-8B4A-11D0-8D11-00A0C91BC942}") = "01 IsUnique", "CrackingCodingInterview\vDimple\01 Array\01 IsUnique\01 IsUnique.vcxproj", "{2D4FD6BB-9787-4F75-A234-AF6EB580C553}"
EndProject
Project("{8BC9CEB8-8B4A-11D0-8D11-00A0C91BC942}") = "02 IsPermutation", "CrackingCodingInterview\vDimple\01 Array\02 IsPermutation\Project1.vcxproj", "{D7BBFAF7-0934-4340-87B8-9C43E52F7486}"
EndProject
Project("{8BC9CEB8-8B4A-11D0-8D11-00A0C91BC942}") = "03 URLify", "CrackingCodingInterview\vDimple\01 Array\03 URLify\Project2.vcxproj", "{6CD3BF97-A776-42F8-8AB4-79CDDF45345B}"
EndProject
Project("{8BC9CEB8-8B4A-11D0-8D11-00A0C91BC942}") = "04 IsPalindrome", "CrackingCodingInterview\vDimple\01 Array\04 IsPalindrome\04 IsPalindrome.vcxproj", "{876E4F1C-06FF-46F4-8B50-871C9EE80E5C}"
EndProject
Project("{8BC9CEB8-8B4A-11D0-8D11-00A0C91BC942}") = "01 A_IsUnique", "CrackingCodingInterview\vAnil\01 Array\01 A_IsUnique\01 A_IsUnique.vcxproj", "{BF88FA52-C3D9-4223-A7F9-D153FBC5C203}"
EndProject
Project("{8BC9CEB8-8B4A-11D0-8D11-00A0C91BC942}") = "02 A_IsPermutation", "CrackingCodingInterview\vAnil\01 Array\02 A_IsPermutation\02 A_IsPermutation.vcxproj", "{7E222714-CADA-41CE-94BC-E09D11DFB98F}"
EndProject
Project("{8BC9CEB8-8B4A-11D0-8D11-00A0C91BC942}") = "03 A_URLify", "CrackingCodingInterview\vAnil\01 Array\03 A_URLify\03 A_URLify.vcxproj", "{BBCD4E2A-451F-42CF-9E69-BA2930D83C2B}"
EndProject
Project("{8BC9CEB8-8B4A-11D0-8D11-00A0C91BC942}") = "04 A_IsPalindromePermutation", "CrackingCodingInterview\vAnil\01 Array\04 A_IsPalindromePermutation\04 A_IsPalindromePermutation.vcxproj", "{FC7615EB-C87B-4BFE-B778-AAECE6BB4F66}"
EndProject
Project("{8BC9CEB8-8B4A-11D0-8D11-00A0C91BC942}") = "05 A_IsOneEditAway", "CrackingCodingInterview\vAnil\01 Array\05 A_IsOneEditAway\05 A_IsOneEditAway.vcxproj", "{E9784297-9A00-4FB2-AD75-A83E3ECB4A7F}"
EndProject
Project("{8BC9CEB8-8B4A-11D0-8D11-00A0C91BC942}") = "05 OneAway", "CrackingCodingInterview\vDimple\01 Array\05 OneAway\05 OneAway.vcxproj", "{DAF9F124-D53E-49A1-9B0E-D756CE9A3D56}"
EndProject
Project("{8BC9CEB8-8B4A-11D0-8D11-00A0C91BC942}") = "06 CompressString", "CrackingCodingInterview\vDimple\01 Array\06 CompressString\CompressString.vcxproj", "{7A3F2218-917F-4B2A-90D5-3B1B7746C8C8}"
EndProject
Project("{2150E333-8FDC-42A3-9474-1A3956D46DE8}") = "Test", "Test", "{07D4F11E-304B-480B-A387-5D7FDB71857A}"
EndProject
Project("{8BC9CEB8-8B4A-11D0-8D11-00A0C91BC942}") = "A_ArrayTests", "CrackingCodingInterview\vAnil\01 Array\Test\A_ArrayTests\A_ArrayTests.vcxproj", "{375CB25C-CC70-4B52-AA00-4E28C8EEEE46}"
EndProject
Project("{8BC9CEB8-8B4A-11D0-8D11-00A0C91BC942}") = "06 A_CompressString", "CrackingCodingInterview\vAnil\01 Array\06 A_CompressString\06 A_CompressString.vcxproj", "{CD29DA1B-895C-4483-A3E8-B128EE78CE80}"
EndProject
Project("{8BC9CEB8-8B4A-11D0-8D11-00A0C91BC942}") = "07 MatrixRotation90Degree", "CrackingCodingInterview\vAnil\01 Array\07 MatrixRotation90Degree\07 MatrixRotation90Degree.vcxproj", "{B3FC9B4D-5960-4BB4-9FFE-30C21A37DC86}"
EndProject
Project("{8BC9CEB8-8B4A-11D0-8D11-00A0C91BC942}") = "Test", "CrackingCodingInterview\vDimple\01 Array\Test\Test\Test.vcxproj", "{71F9D0D2-0A50-44EA-A3A4-903864BCFD62}"
EndProject
Project("{8BC9CEB8-8B4A-11D0-8D11-00A0C91BC942}") = "MatrixTest", "CrackingCodingInterview\vDimple\01 Array\Test\MatrixTest\MatrixTest.vcxproj", "{4FBF1562-0FE7-4DA5-8AC2-03C09C026485}"
EndProject
Project("{8BC9CEB8-8B4A-11D0-8D11-00A0C91BC942}") = "07 MatrixRotation", "CrackingCodingInterview\vDimple\01 Array\07 MatrixRotation\07 MatrixRotation.vcxproj", "{C63CF8E5-E4A1-4EC6-8D21-813EA0EE130C}"
EndProject
Project("{8BC9CEB8-8B4A-11D0-8D11-00A0C91BC942}") = "08 ZeroMatrix", "CrackingCodingInterview\vDimple\01 Array\08 ZeroMatrix\ZeroMatrix.vcxproj", "{94D3D2E6-ACF9-47D8-97A6-C8AC9F733C71}"
EndProject
Project("{8BC9CEB8-8B4A-11D0-8D11-00A0C91BC942}") = "08 A_ZeroMatrix", "CrackingCodingInterview\vAnil\01 Array\08 ZeroMatrix\08 ZeroMatrix.vcxproj", "{7B293087-27C6-447C-AB86-5521145D3DE2}"
EndProject
Project("{2150E333-8FDC-42A3-9474-1A3956D46DE8}") = "Test", "Test", "{CEDE5385-2C3E-4EA7-BAFB-4A8276628E74}"
EndProject
Project("{8BC9CEB8-8B4A-11D0-8D11-00A0C91BC942}") = "09 IsStringRotation", "CrackingCodingInterview\vDimple\01 Array\09 IsStringRotation\09 IsStringRotation.vcxproj", "{5A892CDF-BC6B-43FB-A17A-5C90E84FCCE2}"
EndProject
Project("{8BC9CEB8-8B4A-11D0-8D11-00A0C91BC942}") = "09 A_IsStringRotation", "CrackingCodingInterview\vAnil\01 Array\09 A_IsStringRotation\09 A_IsStringRotation.vcxproj", "{F0FB6DCF-BBC6-4A97-A197-3FEE9597AEB7}"
EndProject
Project("{2150E333-8FDC-42A3-9474-1A3956D46DE8}") = "02 LinkedList", "02 LinkedList", "{97104AA3-D135-41F6-9563-2FF35CD944E1}"
EndProject
Project("{2150E333-8FDC-42A3-9474-1A3956D46DE8}") = "Test", "Test", "{DCA0BE63-D1FC-47AE-AC8E-3A75EC00E002}"
EndProject
Project("{8BC9CEB8-8B4A-11D0-8D11-00A0C91BC942}") = "02 A_LinkedList", "CrackingCodingInterview\vAnil\02 LinkedList\02 A_LinkedList\02 A_LinkedList.vcxproj", "{D91272AD-091E-468F-9144-658A1AFF9F53}"
EndProject
Project("{8BC9CEB8-8B4A-11D0-8D11-00A0C91BC942}") = "02 LinkedListTest", "CrackingCodingInterview\vAnil\02 LinkedList\Test\02 LinkedListTest\02 LinkedListTest.vcxproj", "{286BED1C-1CCF-499D-A58B-242EFA0496CC}"
EndProject
Project("{2150E333-8FDC-42A3-9474-1A3956D46DE8}") = "02 LinkedList", "02 LinkedList", "{F5DCE173-B05F-42B3-9A5D-9358A77E31C3}"
EndProject
Project("{2150E333-8FDC-42A3-9474-1A3956D46DE8}") = "Test", "Test", "{919B5F08-6CA3-4C5F-99FC-C0A0A0FA3599}"
EndProject
Project("{8BC9CEB8-8B4A-11D0-8D11-00A0C91BC942}") = "02 D_LinkedList", "CrackingCodingInterview\vDimple\02 LinkedLists\Test\02 Test\02 Test\02 Test.vcxproj", "{4E947508-1FB1-43D6-8513-156E512BBB41}"
EndProject
Project("{8BC9CEB8-8B4A-11D0-8D11-00A0C91BC942}") = "02 LinkedLists", "CrackingCodingInterview\vDimple\02 LinkedLists\02 LinkedLists\02 LinkedLists.vcxproj", "{12F9FBF0-DCBA-4D71-82F1-160A79A586AD}"
EndProject
Project("{2150E333-8FDC-42A3-9474-1A3956D46DE8}") = "LeetCode", "LeetCode", "{676455ED-D5D9-40A5-89E6-56B6A42C9A2D}"
EndProject
Project("{2150E333-8FDC-42A3-9474-1A3956D46DE8}") = "vDimple", "vDimple", "{D8A477C1-08FA-4D6A-8C8A-4009A252F92C}"
EndProject
Project("{2150E333-8FDC-42A3-9474-1A3956D46DE8}") = "String", "String", "{E6BB6E3B-FB26-4F3E-96D4-8E2BFB8BE8B8}"
EndProject
Project("{8BC9CEB8-8B4A-11D0-8D11-00A0C91BC942}") = "String_Test", "LeetCode\vDimple\String\String_Test\String_Test.vcxproj", "{E17F2E37-72E1-40A8-A52F-6349D9D1AF73}"
EndProject
Project("{8BC9CEB8-8B4A-11D0-8D11-00A0C91BC942}") = "806 Number of Lines To Write String", "LeetCode\vDimple\String\806 Number of Lines To Write String\806 Number of Lines To Write String.vcxproj", "{1CB7FB9F-5792-48B8-BF1A-9BD478FCA8CA}"
EndProject
Project("{2150E333-8FDC-42A3-9474-1A3956D46DE8}") = "vAnil", "vAnil", "{2CBBBCD1-FEC6-40C6-9319-D153122F5DCF}"
EndProject
Project("{2150E333-8FDC-42A3-9474-1A3956D46DE8}") = "String", "String", "{A9BB95AB-E9CE-430C-B15A-1C0B740AD173}"
EndProject
Project("{2150E333-8FDC-42A3-9474-1A3956D46DE8}") = "Test", "Test", "{EC136861-3805-4142-965B-EECCA1117E4F}"
EndProject
Project("{8BC9CEB8-8B4A-11D0-8D11-00A0C91BC942}") = "NumberOfLinesToWriteString", "LeetCode\vAnil\String\NumberOfLinesToWriteString\NumberOfLinesToWriteString.vcxproj", "{43103797-D5BC-446A-80B5-DE0BEFC13FE6}"
EndProject
Project("{8BC9CEB8-8B4A-11D0-8D11-00A0C91BC942}") = "vAnil_LeetCode_StringTests", "LeetCode\vAnil\String\Test\vAnil_LeetCode_StringTests\vAnil_LeetCode_StringTests.vcxproj", "{90D7688F-128F-49C0-A32C-C5476AADB56B}"
EndProject
Project("{8BC9CEB8-8B4A-11D0-8D11-00A0C91BC942}") = "StringPermutation", "LeetCode\vAnil\String\StringPermutation\StringPermutation.vcxproj", "{0FA2ADEB-3855-4FB2-AC8A-5EFDB0FD0BDD}"
EndProject
Project("{8BC9CEB8-8B4A-11D0-8D11-00A0C91BC942}") = "StringPermutations_D", "LeetCode\vDimple\String\StringPermutations_D\StringPermutations_D.vcxproj", "{5F36C7EF-6421-4B41-BDD6-A5033A7508E1}"
EndProject
Project("{2150E333-8FDC-42A3-9474-1A3956D46DE8}") = "03 Stacks", "03 Stacks", "{7B43EE9F-4EB3-4E1F-8E61-DE2BC21EAE35}"
EndProject
Project("{8BC9CEB8-8B4A-11D0-8D11-00A0C91BC942}") = "01 ThreeStacksInOneArray", "CrackingCodingInterview\vDimple\03 Stacks\01 ThreeStacksInOneArray\01 ThreeStacksInOneArray.vcxproj", "{649C2E53-F1CC-41B2-BFD4-373BD11AC152}"
EndProject
Project("{2150E333-8FDC-42A3-9474-1A3956D46DE8}") = "D_StacksTest", "D_StacksTest", "{B08D2EEF-2FC4-4969-9B2E-86718E29FC3C}"
EndProject
Project("{8BC9CEB8-8B4A-11D0-8D11-00A0C91BC942}") = "D_StacksTest", "CrackingCodingInterview\vDimple\03 Stacks\D_StacksTest\D_StacksTest\D_StacksTest.vcxproj", "{15747259-1911-4C91-AB20-DD965D492B7D}"
EndProject
Project("{8BC9CEB8-8B4A-11D0-8D11-00A0C91BC942}") = "02 StackMin", "CrackingCodingInterview\vDimple\03 Stacks\02 StackMin\02 StackMin.vcxproj", "{D36CD482-7678-4022-814A-2CF71B3AC62B}"
EndProject
Global
	GlobalSection(SolutionConfigurationPlatforms) = preSolution
		Debug|x64 = Debug|x64
		Debug|x86 = Debug|x86
		Release|x64 = Release|x64
		Release|x86 = Release|x86
	EndGlobalSection
	GlobalSection(ProjectConfigurationPlatforms) = postSolution
		{3684F5EF-B403-4125-9F95-4CEE863B7A0C}.Debug|x64.ActiveCfg = Debug|x64
		{3684F5EF-B403-4125-9F95-4CEE863B7A0C}.Debug|x64.Build.0 = Debug|x64
		{3684F5EF-B403-4125-9F95-4CEE863B7A0C}.Debug|x86.ActiveCfg = Debug|Win32
		{3684F5EF-B403-4125-9F95-4CEE863B7A0C}.Debug|x86.Build.0 = Debug|Win32
		{3684F5EF-B403-4125-9F95-4CEE863B7A0C}.Release|x64.ActiveCfg = Release|x64
		{3684F5EF-B403-4125-9F95-4CEE863B7A0C}.Release|x64.Build.0 = Release|x64
		{3684F5EF-B403-4125-9F95-4CEE863B7A0C}.Release|x86.ActiveCfg = Release|Win32
		{3684F5EF-B403-4125-9F95-4CEE863B7A0C}.Release|x86.Build.0 = Release|Win32
		{634C69D2-E792-4C43-A99B-91A941DDA2B0}.Debug|x64.ActiveCfg = Debug|x64
		{634C69D2-E792-4C43-A99B-91A941DDA2B0}.Debug|x64.Build.0 = Debug|x64
		{634C69D2-E792-4C43-A99B-91A941DDA2B0}.Debug|x86.ActiveCfg = Debug|Win32
		{634C69D2-E792-4C43-A99B-91A941DDA2B0}.Debug|x86.Build.0 = Debug|Win32
		{634C69D2-E792-4C43-A99B-91A941DDA2B0}.Release|x64.ActiveCfg = Release|x64
		{634C69D2-E792-4C43-A99B-91A941DDA2B0}.Release|x64.Build.0 = Release|x64
		{634C69D2-E792-4C43-A99B-91A941DDA2B0}.Release|x86.ActiveCfg = Release|Win32
		{634C69D2-E792-4C43-A99B-91A941DDA2B0}.Release|x86.Build.0 = Release|Win32
		{8E203F80-7793-4F87-8EF8-4755FC9D2C2F}.Debug|x64.ActiveCfg = Debug|x64
		{8E203F80-7793-4F87-8EF8-4755FC9D2C2F}.Debug|x64.Build.0 = Debug|x64
		{8E203F80-7793-4F87-8EF8-4755FC9D2C2F}.Debug|x86.ActiveCfg = Debug|Win32
		{8E203F80-7793-4F87-8EF8-4755FC9D2C2F}.Debug|x86.Build.0 = Debug|Win32
		{8E203F80-7793-4F87-8EF8-4755FC9D2C2F}.Release|x64.ActiveCfg = Release|x64
		{8E203F80-7793-4F87-8EF8-4755FC9D2C2F}.Release|x64.Build.0 = Release|x64
		{8E203F80-7793-4F87-8EF8-4755FC9D2C2F}.Release|x86.ActiveCfg = Release|Win32
		{8E203F80-7793-4F87-8EF8-4755FC9D2C2F}.Release|x86.Build.0 = Release|Win32
		{193140ED-A9BE-498A-BBE0-84D9521644D8}.Debug|x64.ActiveCfg = Debug|x64
		{193140ED-A9BE-498A-BBE0-84D9521644D8}.Debug|x64.Build.0 = Debug|x64
		{193140ED-A9BE-498A-BBE0-84D9521644D8}.Debug|x86.ActiveCfg = Debug|Win32
		{193140ED-A9BE-498A-BBE0-84D9521644D8}.Debug|x86.Build.0 = Debug|Win32
		{193140ED-A9BE-498A-BBE0-84D9521644D8}.Release|x64.ActiveCfg = Release|x64
		{193140ED-A9BE-498A-BBE0-84D9521644D8}.Release|x64.Build.0 = Release|x64
		{193140ED-A9BE-498A-BBE0-84D9521644D8}.Release|x86.ActiveCfg = Release|Win32
		{193140ED-A9BE-498A-BBE0-84D9521644D8}.Release|x86.Build.0 = Release|Win32
		{A5BD0511-6734-4802-8758-3D784377065A}.Debug|x64.ActiveCfg = Debug|x64
		{A5BD0511-6734-4802-8758-3D784377065A}.Debug|x64.Build.0 = Debug|x64
		{A5BD0511-6734-4802-8758-3D784377065A}.Debug|x86.ActiveCfg = Debug|Win32
		{A5BD0511-6734-4802-8758-3D784377065A}.Debug|x86.Build.0 = Debug|Win32
		{A5BD0511-6734-4802-8758-3D784377065A}.Release|x64.ActiveCfg = Release|x64
		{A5BD0511-6734-4802-8758-3D784377065A}.Release|x64.Build.0 = Release|x64
		{A5BD0511-6734-4802-8758-3D784377065A}.Release|x86.ActiveCfg = Release|Win32
		{A5BD0511-6734-4802-8758-3D784377065A}.Release|x86.Build.0 = Release|Win32
		{28322B17-8227-4D47-B0B8-339E5E4BD996}.Debug|x64.ActiveCfg = Debug|x64
		{28322B17-8227-4D47-B0B8-339E5E4BD996}.Debug|x64.Build.0 = Debug|x64
		{28322B17-8227-4D47-B0B8-339E5E4BD996}.Debug|x86.ActiveCfg = Debug|Win32
		{28322B17-8227-4D47-B0B8-339E5E4BD996}.Debug|x86.Build.0 = Debug|Win32
		{28322B17-8227-4D47-B0B8-339E5E4BD996}.Release|x64.ActiveCfg = Release|x64
		{28322B17-8227-4D47-B0B8-339E5E4BD996}.Release|x64.Build.0 = Release|x64
		{28322B17-8227-4D47-B0B8-339E5E4BD996}.Release|x86.ActiveCfg = Release|Win32
		{28322B17-8227-4D47-B0B8-339E5E4BD996}.Release|x86.Build.0 = Release|Win32
		{9C2C5CB2-9AB6-433A-8CD4-8263AB10797F}.Debug|x64.ActiveCfg = Debug|x64
		{9C2C5CB2-9AB6-433A-8CD4-8263AB10797F}.Debug|x64.Build.0 = Debug|x64
		{9C2C5CB2-9AB6-433A-8CD4-8263AB10797F}.Debug|x86.ActiveCfg = Debug|Win32
		{9C2C5CB2-9AB6-433A-8CD4-8263AB10797F}.Debug|x86.Build.0 = Debug|Win32
		{9C2C5CB2-9AB6-433A-8CD4-8263AB10797F}.Release|x64.ActiveCfg = Release|x64
		{9C2C5CB2-9AB6-433A-8CD4-8263AB10797F}.Release|x64.Build.0 = Release|x64
		{9C2C5CB2-9AB6-433A-8CD4-8263AB10797F}.Release|x86.ActiveCfg = Release|Win32
		{9C2C5CB2-9AB6-433A-8CD4-8263AB10797F}.Release|x86.Build.0 = Release|Win32
		{8A2AF8D4-2B88-4BA7-B533-81E733A68AE3}.Debug|x64.ActiveCfg = Debug|x64
		{8A2AF8D4-2B88-4BA7-B533-81E733A68AE3}.Debug|x64.Build.0 = Debug|x64
		{8A2AF8D4-2B88-4BA7-B533-81E733A68AE3}.Debug|x86.ActiveCfg = Debug|Win32
		{8A2AF8D4-2B88-4BA7-B533-81E733A68AE3}.Debug|x86.Build.0 = Debug|Win32
		{8A2AF8D4-2B88-4BA7-B533-81E733A68AE3}.Release|x64.ActiveCfg = Release|x64
		{8A2AF8D4-2B88-4BA7-B533-81E733A68AE3}.Release|x64.Build.0 = Release|x64
		{8A2AF8D4-2B88-4BA7-B533-81E733A68AE3}.Release|x86.ActiveCfg = Release|Win32
		{8A2AF8D4-2B88-4BA7-B533-81E733A68AE3}.Release|x86.Build.0 = Release|Win32
		{09EB9C92-7B29-4369-B597-8A16179FA44E}.Debug|x64.ActiveCfg = Debug|x64
		{09EB9C92-7B29-4369-B597-8A16179FA44E}.Debug|x64.Build.0 = Debug|x64
		{09EB9C92-7B29-4369-B597-8A16179FA44E}.Debug|x86.ActiveCfg = Debug|Win32
		{09EB9C92-7B29-4369-B597-8A16179FA44E}.Debug|x86.Build.0 = Debug|Win32
		{09EB9C92-7B29-4369-B597-8A16179FA44E}.Release|x64.ActiveCfg = Release|x64
		{09EB9C92-7B29-4369-B597-8A16179FA44E}.Release|x64.Build.0 = Release|x64
		{09EB9C92-7B29-4369-B597-8A16179FA44E}.Release|x86.ActiveCfg = Release|Win32
		{09EB9C92-7B29-4369-B597-8A16179FA44E}.Release|x86.Build.0 = Release|Win32
		{2D4FD6BB-9787-4F75-A234-AF6EB580C553}.Debug|x64.ActiveCfg = Debug|x64
		{2D4FD6BB-9787-4F75-A234-AF6EB580C553}.Debug|x64.Build.0 = Debug|x64
		{2D4FD6BB-9787-4F75-A234-AF6EB580C553}.Debug|x86.ActiveCfg = Debug|Win32
		{2D4FD6BB-9787-4F75-A234-AF6EB580C553}.Debug|x86.Build.0 = Debug|Win32
		{2D4FD6BB-9787-4F75-A234-AF6EB580C553}.Release|x64.ActiveCfg = Release|x64
		{2D4FD6BB-9787-4F75-A234-AF6EB580C553}.Release|x64.Build.0 = Release|x64
		{2D4FD6BB-9787-4F75-A234-AF6EB580C553}.Release|x86.ActiveCfg = Release|Win32
		{2D4FD6BB-9787-4F75-A234-AF6EB580C553}.Release|x86.Build.0 = Release|Win32
		{D7BBFAF7-0934-4340-87B8-9C43E52F7486}.Debug|x64.ActiveCfg = Debug|x64
		{D7BBFAF7-0934-4340-87B8-9C43E52F7486}.Debug|x64.Build.0 = Debug|x64
		{D7BBFAF7-0934-4340-87B8-9C43E52F7486}.Debug|x86.ActiveCfg = Debug|Win32
		{D7BBFAF7-0934-4340-87B8-9C43E52F7486}.Debug|x86.Build.0 = Debug|Win32
		{D7BBFAF7-0934-4340-87B8-9C43E52F7486}.Release|x64.ActiveCfg = Release|x64
		{D7BBFAF7-0934-4340-87B8-9C43E52F7486}.Release|x64.Build.0 = Release|x64
		{D7BBFAF7-0934-4340-87B8-9C43E52F7486}.Release|x86.ActiveCfg = Release|Win32
		{D7BBFAF7-0934-4340-87B8-9C43E52F7486}.Release|x86.Build.0 = Release|Win32
		{6CD3BF97-A776-42F8-8AB4-79CDDF45345B}.Debug|x64.ActiveCfg = Debug|x64
		{6CD3BF97-A776-42F8-8AB4-79CDDF45345B}.Debug|x64.Build.0 = Debug|x64
		{6CD3BF97-A776-42F8-8AB4-79CDDF45345B}.Debug|x86.ActiveCfg = Debug|Win32
		{6CD3BF97-A776-42F8-8AB4-79CDDF45345B}.Debug|x86.Build.0 = Debug|Win32
		{6CD3BF97-A776-42F8-8AB4-79CDDF45345B}.Release|x64.ActiveCfg = Release|x64
		{6CD3BF97-A776-42F8-8AB4-79CDDF45345B}.Release|x64.Build.0 = Release|x64
		{6CD3BF97-A776-42F8-8AB4-79CDDF45345B}.Release|x86.ActiveCfg = Release|Win32
		{6CD3BF97-A776-42F8-8AB4-79CDDF45345B}.Release|x86.Build.0 = Release|Win32
		{876E4F1C-06FF-46F4-8B50-871C9EE80E5C}.Debug|x64.ActiveCfg = Debug|x64
		{876E4F1C-06FF-46F4-8B50-871C9EE80E5C}.Debug|x64.Build.0 = Debug|x64
		{876E4F1C-06FF-46F4-8B50-871C9EE80E5C}.Debug|x86.ActiveCfg = Debug|Win32
		{876E4F1C-06FF-46F4-8B50-871C9EE80E5C}.Debug|x86.Build.0 = Debug|Win32
		{876E4F1C-06FF-46F4-8B50-871C9EE80E5C}.Release|x64.ActiveCfg = Release|x64
		{876E4F1C-06FF-46F4-8B50-871C9EE80E5C}.Release|x64.Build.0 = Release|x64
		{876E4F1C-06FF-46F4-8B50-871C9EE80E5C}.Release|x86.ActiveCfg = Release|Win32
		{876E4F1C-06FF-46F4-8B50-871C9EE80E5C}.Release|x86.Build.0 = Release|Win32
		{BF88FA52-C3D9-4223-A7F9-D153FBC5C203}.Debug|x64.ActiveCfg = Debug|x64
		{BF88FA52-C3D9-4223-A7F9-D153FBC5C203}.Debug|x64.Build.0 = Debug|x64
		{BF88FA52-C3D9-4223-A7F9-D153FBC5C203}.Debug|x86.ActiveCfg = Debug|Win32
		{BF88FA52-C3D9-4223-A7F9-D153FBC5C203}.Debug|x86.Build.0 = Debug|Win32
		{BF88FA52-C3D9-4223-A7F9-D153FBC5C203}.Release|x64.ActiveCfg = Release|x64
		{BF88FA52-C3D9-4223-A7F9-D153FBC5C203}.Release|x64.Build.0 = Release|x64
		{BF88FA52-C3D9-4223-A7F9-D153FBC5C203}.Release|x86.ActiveCfg = Release|Win32
		{BF88FA52-C3D9-4223-A7F9-D153FBC5C203}.Release|x86.Build.0 = Release|Win32
		{7E222714-CADA-41CE-94BC-E09D11DFB98F}.Debug|x64.ActiveCfg = Debug|x64
		{7E222714-CADA-41CE-94BC-E09D11DFB98F}.Debug|x64.Build.0 = Debug|x64
		{7E222714-CADA-41CE-94BC-E09D11DFB98F}.Debug|x86.ActiveCfg = Debug|Win32
		{7E222714-CADA-41CE-94BC-E09D11DFB98F}.Debug|x86.Build.0 = Debug|Win32
		{7E222714-CADA-41CE-94BC-E09D11DFB98F}.Release|x64.ActiveCfg = Release|x64
		{7E222714-CADA-41CE-94BC-E09D11DFB98F}.Release|x64.Build.0 = Release|x64
		{7E222714-CADA-41CE-94BC-E09D11DFB98F}.Release|x86.ActiveCfg = Release|Win32
		{7E222714-CADA-41CE-94BC-E09D11DFB98F}.Release|x86.Build.0 = Release|Win32
		{BBCD4E2A-451F-42CF-9E69-BA2930D83C2B}.Debug|x64.ActiveCfg = Debug|x64
		{BBCD4E2A-451F-42CF-9E69-BA2930D83C2B}.Debug|x64.Build.0 = Debug|x64
		{BBCD4E2A-451F-42CF-9E69-BA2930D83C2B}.Debug|x86.ActiveCfg = Debug|Win32
		{BBCD4E2A-451F-42CF-9E69-BA2930D83C2B}.Debug|x86.Build.0 = Debug|Win32
		{BBCD4E2A-451F-42CF-9E69-BA2930D83C2B}.Release|x64.ActiveCfg = Release|x64
		{BBCD4E2A-451F-42CF-9E69-BA2930D83C2B}.Release|x64.Build.0 = Release|x64
		{BBCD4E2A-451F-42CF-9E69-BA2930D83C2B}.Release|x86.ActiveCfg = Release|Win32
		{BBCD4E2A-451F-42CF-9E69-BA2930D83C2B}.Release|x86.Build.0 = Release|Win32
		{FC7615EB-C87B-4BFE-B778-AAECE6BB4F66}.Debug|x64.ActiveCfg = Debug|x64
		{FC7615EB-C87B-4BFE-B778-AAECE6BB4F66}.Debug|x64.Build.0 = Debug|x64
		{FC7615EB-C87B-4BFE-B778-AAECE6BB4F66}.Debug|x86.ActiveCfg = Debug|Win32
		{FC7615EB-C87B-4BFE-B778-AAECE6BB4F66}.Debug|x86.Build.0 = Debug|Win32
		{FC7615EB-C87B-4BFE-B778-AAECE6BB4F66}.Release|x64.ActiveCfg = Release|x64
		{FC7615EB-C87B-4BFE-B778-AAECE6BB4F66}.Release|x64.Build.0 = Release|x64
		{FC7615EB-C87B-4BFE-B778-AAECE6BB4F66}.Release|x86.ActiveCfg = Release|Win32
		{FC7615EB-C87B-4BFE-B778-AAECE6BB4F66}.Release|x86.Build.0 = Release|Win32
		{E9784297-9A00-4FB2-AD75-A83E3ECB4A7F}.Debug|x64.ActiveCfg = Debug|x64
		{E9784297-9A00-4FB2-AD75-A83E3ECB4A7F}.Debug|x64.Build.0 = Debug|x64
		{E9784297-9A00-4FB2-AD75-A83E3ECB4A7F}.Debug|x86.ActiveCfg = Debug|Win32
		{E9784297-9A00-4FB2-AD75-A83E3ECB4A7F}.Debug|x86.Build.0 = Debug|Win32
		{E9784297-9A00-4FB2-AD75-A83E3ECB4A7F}.Release|x64.ActiveCfg = Release|x64
		{E9784297-9A00-4FB2-AD75-A83E3ECB4A7F}.Release|x64.Build.0 = Release|x64
		{E9784297-9A00-4FB2-AD75-A83E3ECB4A7F}.Release|x86.ActiveCfg = Release|Win32
		{E9784297-9A00-4FB2-AD75-A83E3ECB4A7F}.Release|x86.Build.0 = Release|Win32
		{DAF9F124-D53E-49A1-9B0E-D756CE9A3D56}.Debug|x64.ActiveCfg = Debug|x64
		{DAF9F124-D53E-49A1-9B0E-D756CE9A3D56}.Debug|x64.Build.0 = Debug|x64
		{DAF9F124-D53E-49A1-9B0E-D756CE9A3D56}.Debug|x86.ActiveCfg = Debug|Win32
		{DAF9F124-D53E-49A1-9B0E-D756CE9A3D56}.Debug|x86.Build.0 = Debug|Win32
		{DAF9F124-D53E-49A1-9B0E-D756CE9A3D56}.Release|x64.ActiveCfg = Release|x64
		{DAF9F124-D53E-49A1-9B0E-D756CE9A3D56}.Release|x64.Build.0 = Release|x64
		{DAF9F124-D53E-49A1-9B0E-D756CE9A3D56}.Release|x86.ActiveCfg = Release|Win32
		{DAF9F124-D53E-49A1-9B0E-D756CE9A3D56}.Release|x86.Build.0 = Release|Win32
		{7A3F2218-917F-4B2A-90D5-3B1B7746C8C8}.Debug|x64.ActiveCfg = Debug|x64
		{7A3F2218-917F-4B2A-90D5-3B1B7746C8C8}.Debug|x64.Build.0 = Debug|x64
		{7A3F2218-917F-4B2A-90D5-3B1B7746C8C8}.Debug|x86.ActiveCfg = Debug|Win32
		{7A3F2218-917F-4B2A-90D5-3B1B7746C8C8}.Debug|x86.Build.0 = Debug|Win32
		{7A3F2218-917F-4B2A-90D5-3B1B7746C8C8}.Release|x64.ActiveCfg = Release|x64
		{7A3F2218-917F-4B2A-90D5-3B1B7746C8C8}.Release|x64.Build.0 = Release|x64
		{7A3F2218-917F-4B2A-90D5-3B1B7746C8C8}.Release|x86.ActiveCfg = Release|Win32
		{7A3F2218-917F-4B2A-90D5-3B1B7746C8C8}.Release|x86.Build.0 = Release|Win32
		{375CB25C-CC70-4B52-AA00-4E28C8EEEE46}.Debug|x64.ActiveCfg = Debug|x64
		{375CB25C-CC70-4B52-AA00-4E28C8EEEE46}.Debug|x64.Build.0 = Debug|x64
		{375CB25C-CC70-4B52-AA00-4E28C8EEEE46}.Debug|x86.ActiveCfg = Debug|Win32
		{375CB25C-CC70-4B52-AA00-4E28C8EEEE46}.Debug|x86.Build.0 = Debug|Win32
		{375CB25C-CC70-4B52-AA00-4E28C8EEEE46}.Release|x64.ActiveCfg = Release|x64
		{375CB25C-CC70-4B52-AA00-4E28C8EEEE46}.Release|x64.Build.0 = Release|x64
		{375CB25C-CC70-4B52-AA00-4E28C8EEEE46}.Release|x86.ActiveCfg = Release|Win32
		{375CB25C-CC70-4B52-AA00-4E28C8EEEE46}.Release|x86.Build.0 = Release|Win32
		{CD29DA1B-895C-4483-A3E8-B128EE78CE80}.Debug|x64.ActiveCfg = Debug|x64
		{CD29DA1B-895C-4483-A3E8-B128EE78CE80}.Debug|x64.Build.0 = Debug|x64
		{CD29DA1B-895C-4483-A3E8-B128EE78CE80}.Debug|x86.ActiveCfg = Debug|Win32
		{CD29DA1B-895C-4483-A3E8-B128EE78CE80}.Debug|x86.Build.0 = Debug|Win32
		{CD29DA1B-895C-4483-A3E8-B128EE78CE80}.Release|x64.ActiveCfg = Release|x64
		{CD29DA1B-895C-4483-A3E8-B128EE78CE80}.Release|x64.Build.0 = Release|x64
		{CD29DA1B-895C-4483-A3E8-B128EE78CE80}.Release|x86.ActiveCfg = Release|Win32
		{CD29DA1B-895C-4483-A3E8-B128EE78CE80}.Release|x86.Build.0 = Release|Win32
		{B3FC9B4D-5960-4BB4-9FFE-30C21A37DC86}.Debug|x64.ActiveCfg = Debug|x64
		{B3FC9B4D-5960-4BB4-9FFE-30C21A37DC86}.Debug|x64.Build.0 = Debug|x64
		{B3FC9B4D-5960-4BB4-9FFE-30C21A37DC86}.Debug|x86.ActiveCfg = Debug|Win32
		{B3FC9B4D-5960-4BB4-9FFE-30C21A37DC86}.Debug|x86.Build.0 = Debug|Win32
		{B3FC9B4D-5960-4BB4-9FFE-30C21A37DC86}.Release|x64.ActiveCfg = Release|x64
		{B3FC9B4D-5960-4BB4-9FFE-30C21A37DC86}.Release|x64.Build.0 = Release|x64
		{B3FC9B4D-5960-4BB4-9FFE-30C21A37DC86}.Release|x86.ActiveCfg = Release|Win32
		{B3FC9B4D-5960-4BB4-9FFE-30C21A37DC86}.Release|x86.Build.0 = Release|Win32
		{71F9D0D2-0A50-44EA-A3A4-903864BCFD62}.Debug|x64.ActiveCfg = Debug|x64
		{71F9D0D2-0A50-44EA-A3A4-903864BCFD62}.Debug|x64.Build.0 = Debug|x64
		{71F9D0D2-0A50-44EA-A3A4-903864BCFD62}.Debug|x86.ActiveCfg = Debug|Win32
		{71F9D0D2-0A50-44EA-A3A4-903864BCFD62}.Debug|x86.Build.0 = Debug|Win32
		{71F9D0D2-0A50-44EA-A3A4-903864BCFD62}.Release|x64.ActiveCfg = Release|x64
		{71F9D0D2-0A50-44EA-A3A4-903864BCFD62}.Release|x64.Build.0 = Release|x64
		{71F9D0D2-0A50-44EA-A3A4-903864BCFD62}.Release|x86.ActiveCfg = Release|Win32
		{71F9D0D2-0A50-44EA-A3A4-903864BCFD62}.Release|x86.Build.0 = Release|Win32
		{4FBF1562-0FE7-4DA5-8AC2-03C09C026485}.Debug|x64.ActiveCfg = Debug|x64
		{4FBF1562-0FE7-4DA5-8AC2-03C09C026485}.Debug|x64.Build.0 = Debug|x64
		{4FBF1562-0FE7-4DA5-8AC2-03C09C026485}.Debug|x86.ActiveCfg = Debug|Win32
		{4FBF1562-0FE7-4DA5-8AC2-03C09C026485}.Debug|x86.Build.0 = Debug|Win32
		{4FBF1562-0FE7-4DA5-8AC2-03C09C026485}.Release|x64.ActiveCfg = Release|x64
		{4FBF1562-0FE7-4DA5-8AC2-03C09C026485}.Release|x64.Build.0 = Release|x64
		{4FBF1562-0FE7-4DA5-8AC2-03C09C026485}.Release|x86.ActiveCfg = Release|Win32
		{4FBF1562-0FE7-4DA5-8AC2-03C09C026485}.Release|x86.Build.0 = Release|Win32
		{C63CF8E5-E4A1-4EC6-8D21-813EA0EE130C}.Debug|x64.ActiveCfg = Debug|x64
		{C63CF8E5-E4A1-4EC6-8D21-813EA0EE130C}.Debug|x64.Build.0 = Debug|x64
		{C63CF8E5-E4A1-4EC6-8D21-813EA0EE130C}.Debug|x86.ActiveCfg = Debug|Win32
		{C63CF8E5-E4A1-4EC6-8D21-813EA0EE130C}.Debug|x86.Build.0 = Debug|Win32
		{C63CF8E5-E4A1-4EC6-8D21-813EA0EE130C}.Release|x64.ActiveCfg = Release|x64
		{C63CF8E5-E4A1-4EC6-8D21-813EA0EE130C}.Release|x64.Build.0 = Release|x64
		{C63CF8E5-E4A1-4EC6-8D21-813EA0EE130C}.Release|x86.ActiveCfg = Release|Win32
		{C63CF8E5-E4A1-4EC6-8D21-813EA0EE130C}.Release|x86.Build.0 = Release|Win32
		{94D3D2E6-ACF9-47D8-97A6-C8AC9F733C71}.Debug|x64.ActiveCfg = Debug|x64
		{94D3D2E6-ACF9-47D8-97A6-C8AC9F733C71}.Debug|x64.Build.0 = Debug|x64
		{94D3D2E6-ACF9-47D8-97A6-C8AC9F733C71}.Debug|x86.ActiveCfg = Debug|Win32
		{94D3D2E6-ACF9-47D8-97A6-C8AC9F733C71}.Debug|x86.Build.0 = Debug|Win32
		{94D3D2E6-ACF9-47D8-97A6-C8AC9F733C71}.Release|x64.ActiveCfg = Release|x64
		{94D3D2E6-ACF9-47D8-97A6-C8AC9F733C71}.Release|x64.Build.0 = Release|x64
		{94D3D2E6-ACF9-47D8-97A6-C8AC9F733C71}.Release|x86.ActiveCfg = Release|Win32
		{94D3D2E6-ACF9-47D8-97A6-C8AC9F733C71}.Release|x86.Build.0 = Release|Win32
		{7B293087-27C6-447C-AB86-5521145D3DE2}.Debug|x64.ActiveCfg = Debug|x64
		{7B293087-27C6-447C-AB86-5521145D3DE2}.Debug|x64.Build.0 = Debug|x64
		{7B293087-27C6-447C-AB86-5521145D3DE2}.Debug|x86.ActiveCfg = Debug|Win32
		{7B293087-27C6-447C-AB86-5521145D3DE2}.Debug|x86.Build.0 = Debug|Win32
		{7B293087-27C6-447C-AB86-5521145D3DE2}.Release|x64.ActiveCfg = Release|x64
		{7B293087-27C6-447C-AB86-5521145D3DE2}.Release|x64.Build.0 = Release|x64
		{7B293087-27C6-447C-AB86-5521145D3DE2}.Release|x86.ActiveCfg = Release|Win32
		{7B293087-27C6-447C-AB86-5521145D3DE2}.Release|x86.Build.0 = Release|Win32
		{5A892CDF-BC6B-43FB-A17A-5C90E84FCCE2}.Debug|x64.ActiveCfg = Debug|x64
		{5A892CDF-BC6B-43FB-A17A-5C90E84FCCE2}.Debug|x64.Build.0 = Debug|x64
		{5A892CDF-BC6B-43FB-A17A-5C90E84FCCE2}.Debug|x86.ActiveCfg = Debug|Win32
		{5A892CDF-BC6B-43FB-A17A-5C90E84FCCE2}.Debug|x86.Build.0 = Debug|Win32
		{5A892CDF-BC6B-43FB-A17A-5C90E84FCCE2}.Release|x64.ActiveCfg = Release|x64
		{5A892CDF-BC6B-43FB-A17A-5C90E84FCCE2}.Release|x64.Build.0 = Release|x64
		{5A892CDF-BC6B-43FB-A17A-5C90E84FCCE2}.Release|x86.ActiveCfg = Release|Win32
		{5A892CDF-BC6B-43FB-A17A-5C90E84FCCE2}.Release|x86.Build.0 = Release|Win32
		{F0FB6DCF-BBC6-4A97-A197-3FEE9597AEB7}.Debug|x64.ActiveCfg = Debug|x64
		{F0FB6DCF-BBC6-4A97-A197-3FEE9597AEB7}.Debug|x64.Build.0 = Debug|x64
		{F0FB6DCF-BBC6-4A97-A197-3FEE9597AEB7}.Debug|x86.ActiveCfg = Debug|Win32
		{F0FB6DCF-BBC6-4A97-A197-3FEE9597AEB7}.Debug|x86.Build.0 = Debug|Win32
		{F0FB6DCF-BBC6-4A97-A197-3FEE9597AEB7}.Release|x64.ActiveCfg = Release|x64
		{F0FB6DCF-BBC6-4A97-A197-3FEE9597AEB7}.Release|x64.Build.0 = Release|x64
		{F0FB6DCF-BBC6-4A97-A197-3FEE9597AEB7}.Release|x86.ActiveCfg = Release|Win32
		{F0FB6DCF-BBC6-4A97-A197-3FEE9597AEB7}.Release|x86.Build.0 = Release|Win32
		{D91272AD-091E-468F-9144-658A1AFF9F53}.Debug|x64.ActiveCfg = Debug|x64
		{D91272AD-091E-468F-9144-658A1AFF9F53}.Debug|x64.Build.0 = Debug|x64
		{D91272AD-091E-468F-9144-658A1AFF9F53}.Debug|x86.ActiveCfg = Debug|Win32
		{D91272AD-091E-468F-9144-658A1AFF9F53}.Debug|x86.Build.0 = Debug|Win32
		{D91272AD-091E-468F-9144-658A1AFF9F53}.Release|x64.ActiveCfg = Release|x64
		{D91272AD-091E-468F-9144-658A1AFF9F53}.Release|x64.Build.0 = Release|x64
		{D91272AD-091E-468F-9144-658A1AFF9F53}.Release|x86.ActiveCfg = Release|Win32
		{D91272AD-091E-468F-9144-658A1AFF9F53}.Release|x86.Build.0 = Release|Win32
		{286BED1C-1CCF-499D-A58B-242EFA0496CC}.Debug|x64.ActiveCfg = Debug|x64
		{286BED1C-1CCF-499D-A58B-242EFA0496CC}.Debug|x64.Build.0 = Debug|x64
		{286BED1C-1CCF-499D-A58B-242EFA0496CC}.Debug|x86.ActiveCfg = Debug|Win32
		{286BED1C-1CCF-499D-A58B-242EFA0496CC}.Debug|x86.Build.0 = Debug|Win32
		{286BED1C-1CCF-499D-A58B-242EFA0496CC}.Release|x64.ActiveCfg = Release|x64
		{286BED1C-1CCF-499D-A58B-242EFA0496CC}.Release|x64.Build.0 = Release|x64
		{286BED1C-1CCF-499D-A58B-242EFA0496CC}.Release|x86.ActiveCfg = Release|Win32
		{286BED1C-1CCF-499D-A58B-242EFA0496CC}.Release|x86.Build.0 = Release|Win32
		{4E947508-1FB1-43D6-8513-156E512BBB41}.Debug|x64.ActiveCfg = Debug|x64
		{4E947508-1FB1-43D6-8513-156E512BBB41}.Debug|x64.Build.0 = Debug|x64
		{4E947508-1FB1-43D6-8513-156E512BBB41}.Debug|x86.ActiveCfg = Debug|Win32
		{4E947508-1FB1-43D6-8513-156E512BBB41}.Debug|x86.Build.0 = Debug|Win32
		{4E947508-1FB1-43D6-8513-156E512BBB41}.Release|x64.ActiveCfg = Release|x64
		{4E947508-1FB1-43D6-8513-156E512BBB41}.Release|x64.Build.0 = Release|x64
		{4E947508-1FB1-43D6-8513-156E512BBB41}.Release|x86.ActiveCfg = Release|Win32
		{4E947508-1FB1-43D6-8513-156E512BBB41}.Release|x86.Build.0 = Release|Win32
		{12F9FBF0-DCBA-4D71-82F1-160A79A586AD}.Debug|x64.ActiveCfg = Debug|x64
		{12F9FBF0-DCBA-4D71-82F1-160A79A586AD}.Debug|x64.Build.0 = Debug|x64
		{12F9FBF0-DCBA-4D71-82F1-160A79A586AD}.Debug|x86.ActiveCfg = Debug|Win32
		{12F9FBF0-DCBA-4D71-82F1-160A79A586AD}.Debug|x86.Build.0 = Debug|Win32
		{12F9FBF0-DCBA-4D71-82F1-160A79A586AD}.Release|x64.ActiveCfg = Release|x64
		{12F9FBF0-DCBA-4D71-82F1-160A79A586AD}.Release|x64.Build.0 = Release|x64
		{12F9FBF0-DCBA-4D71-82F1-160A79A586AD}.Release|x86.ActiveCfg = Release|Win32
		{12F9FBF0-DCBA-4D71-82F1-160A79A586AD}.Release|x86.Build.0 = Release|Win32
		{E17F2E37-72E1-40A8-A52F-6349D9D1AF73}.Debug|x64.ActiveCfg = Debug|x64
		{E17F2E37-72E1-40A8-A52F-6349D9D1AF73}.Debug|x64.Build.0 = Debug|x64
		{E17F2E37-72E1-40A8-A52F-6349D9D1AF73}.Debug|x86.ActiveCfg = Debug|Win32
		{E17F2E37-72E1-40A8-A52F-6349D9D1AF73}.Debug|x86.Build.0 = Debug|Win32
		{E17F2E37-72E1-40A8-A52F-6349D9D1AF73}.Release|x64.ActiveCfg = Release|x64
		{E17F2E37-72E1-40A8-A52F-6349D9D1AF73}.Release|x64.Build.0 = Release|x64
		{E17F2E37-72E1-40A8-A52F-6349D9D1AF73}.Release|x86.ActiveCfg = Release|Win32
		{E17F2E37-72E1-40A8-A52F-6349D9D1AF73}.Release|x86.Build.0 = Release|Win32
		{1CB7FB9F-5792-48B8-BF1A-9BD478FCA8CA}.Debug|x64.ActiveCfg = Debug|x64
		{1CB7FB9F-5792-48B8-BF1A-9BD478FCA8CA}.Debug|x64.Build.0 = Debug|x64
		{1CB7FB9F-5792-48B8-BF1A-9BD478FCA8CA}.Debug|x86.ActiveCfg = Debug|Win32
		{1CB7FB9F-5792-48B8-BF1A-9BD478FCA8CA}.Debug|x86.Build.0 = Debug|Win32
		{1CB7FB9F-5792-48B8-BF1A-9BD478FCA8CA}.Release|x64.ActiveCfg = Release|x64
		{1CB7FB9F-5792-48B8-BF1A-9BD478FCA8CA}.Release|x64.Build.0 = Release|x64
		{1CB7FB9F-5792-48B8-BF1A-9BD478FCA8CA}.Release|x86.ActiveCfg = Release|Win32
		{1CB7FB9F-5792-48B8-BF1A-9BD478FCA8CA}.Release|x86.Build.0 = Release|Win32
		{43103797-D5BC-446A-80B5-DE0BEFC13FE6}.Debug|x64.ActiveCfg = Debug|x64
		{43103797-D5BC-446A-80B5-DE0BEFC13FE6}.Debug|x64.Build.0 = Debug|x64
		{43103797-D5BC-446A-80B5-DE0BEFC13FE6}.Debug|x86.ActiveCfg = Debug|Win32
		{43103797-D5BC-446A-80B5-DE0BEFC13FE6}.Debug|x86.Build.0 = Debug|Win32
		{43103797-D5BC-446A-80B5-DE0BEFC13FE6}.Release|x64.ActiveCfg = Release|x64
		{43103797-D5BC-446A-80B5-DE0BEFC13FE6}.Release|x64.Build.0 = Release|x64
		{43103797-D5BC-446A-80B5-DE0BEFC13FE6}.Release|x86.ActiveCfg = Release|Win32
		{43103797-D5BC-446A-80B5-DE0BEFC13FE6}.Release|x86.Build.0 = Release|Win32
		{90D7688F-128F-49C0-A32C-C5476AADB56B}.Debug|x64.ActiveCfg = Debug|x64
		{90D7688F-128F-49C0-A32C-C5476AADB56B}.Debug|x64.Build.0 = Debug|x64
		{90D7688F-128F-49C0-A32C-C5476AADB56B}.Debug|x86.ActiveCfg = Debug|Win32
		{90D7688F-128F-49C0-A32C-C5476AADB56B}.Debug|x86.Build.0 = Debug|Win32
		{90D7688F-128F-49C0-A32C-C5476AADB56B}.Release|x64.ActiveCfg = Release|x64
		{90D7688F-128F-49C0-A32C-C5476AADB56B}.Release|x64.Build.0 = Release|x64
		{90D7688F-128F-49C0-A32C-C5476AADB56B}.Release|x86.ActiveCfg = Release|Win32
		{90D7688F-128F-49C0-A32C-C5476AADB56B}.Release|x86.Build.0 = Release|Win32
		{0FA2ADEB-3855-4FB2-AC8A-5EFDB0FD0BDD}.Debug|x64.ActiveCfg = Debug|x64
		{0FA2ADEB-3855-4FB2-AC8A-5EFDB0FD0BDD}.Debug|x64.Build.0 = Debug|x64
		{0FA2ADEB-3855-4FB2-AC8A-5EFDB0FD0BDD}.Debug|x86.ActiveCfg = Debug|Win32
		{0FA2ADEB-3855-4FB2-AC8A-5EFDB0FD0BDD}.Debug|x86.Build.0 = Debug|Win32
		{0FA2ADEB-3855-4FB2-AC8A-5EFDB0FD0BDD}.Release|x64.ActiveCfg = Release|x64
		{0FA2ADEB-3855-4FB2-AC8A-5EFDB0FD0BDD}.Release|x64.Build.0 = Release|x64
		{0FA2ADEB-3855-4FB2-AC8A-5EFDB0FD0BDD}.Release|x86.ActiveCfg = Release|Win32
		{0FA2ADEB-3855-4FB2-AC8A-5EFDB0FD0BDD}.Release|x86.Build.0 = Release|Win32
		{5F36C7EF-6421-4B41-BDD6-A5033A7508E1}.Debug|x64.ActiveCfg = Debug|x64
		{5F36C7EF-6421-4B41-BDD6-A5033A7508E1}.Debug|x64.Build.0 = Debug|x64
		{5F36C7EF-6421-4B41-BDD6-A5033A7508E1}.Debug|x86.ActiveCfg = Debug|Win32
		{5F36C7EF-6421-4B41-BDD6-A5033A7508E1}.Debug|x86.Build.0 = Debug|Win32
		{5F36C7EF-6421-4B41-BDD6-A5033A7508E1}.Release|x64.ActiveCfg = Release|x64
		{5F36C7EF-6421-4B41-BDD6-A5033A7508E1}.Release|x64.Build.0 = Release|x64
		{5F36C7EF-6421-4B41-BDD6-A5033A7508E1}.Release|x86.ActiveCfg = Release|Win32
		{5F36C7EF-6421-4B41-BDD6-A5033A7508E1}.Release|x86.Build.0 = Release|Win32
		{649C2E53-F1CC-41B2-BFD4-373BD11AC152}.Debug|x64.ActiveCfg = Debug|x64
		{649C2E53-F1CC-41B2-BFD4-373BD11AC152}.Debug|x64.Build.0 = Debug|x64
		{649C2E53-F1CC-41B2-BFD4-373BD11AC152}.Debug|x86.ActiveCfg = Debug|Win32
		{649C2E53-F1CC-41B2-BFD4-373BD11AC152}.Debug|x86.Build.0 = Debug|Win32
		{649C2E53-F1CC-41B2-BFD4-373BD11AC152}.Release|x64.ActiveCfg = Release|x64
		{649C2E53-F1CC-41B2-BFD4-373BD11AC152}.Release|x64.Build.0 = Release|x64
		{649C2E53-F1CC-41B2-BFD4-373BD11AC152}.Release|x86.ActiveCfg = Release|Win32
		{649C2E53-F1CC-41B2-BFD4-373BD11AC152}.Release|x86.Build.0 = Release|Win32
		{15747259-1911-4C91-AB20-DD965D492B7D}.Debug|x64.ActiveCfg = Debug|x64
		{15747259-1911-4C91-AB20-DD965D492B7D}.Debug|x64.Build.0 = Debug|x64
		{15747259-1911-4C91-AB20-DD965D492B7D}.Debug|x86.ActiveCfg = Debug|Win32
		{15747259-1911-4C91-AB20-DD965D492B7D}.Debug|x86.Build.0 = Debug|Win32
		{15747259-1911-4C91-AB20-DD965D492B7D}.Release|x64.ActiveCfg = Release|x64
		{15747259-1911-4C91-AB20-DD965D492B7D}.Release|x64.Build.0 = Release|x64
		{15747259-1911-4C91-AB20-DD965D492B7D}.Release|x86.ActiveCfg = Release|Win32
		{15747259-1911-4C91-AB20-DD965D492B7D}.Release|x86.Build.0 = Release|Win32
		{D36CD482-7678-4022-814A-2CF71B3AC62B}.Debug|x64.ActiveCfg = Debug|x64
		{D36CD482-7678-4022-814A-2CF71B3AC62B}.Debug|x64.Build.0 = Debug|x64
		{D36CD482-7678-4022-814A-2CF71B3AC62B}.Debug|x86.ActiveCfg = Debug|Win32
		{D36CD482-7678-4022-814A-2CF71B3AC62B}.Debug|x86.Build.0 = Debug|Win32
		{D36CD482-7678-4022-814A-2CF71B3AC62B}.Release|x64.ActiveCfg = Release|x64
		{D36CD482-7678-4022-814A-2CF71B3AC62B}.Release|x64.Build.0 = Release|x64
		{D36CD482-7678-4022-814A-2CF71B3AC62B}.Release|x86.ActiveCfg = Release|Win32
		{D36CD482-7678-4022-814A-2CF71B3AC62B}.Release|x86.Build.0 = Release|Win32
	EndGlobalSection
	GlobalSection(SolutionProperties) = preSolution
		HideSolutionNode = FALSE
	EndGlobalSection
	GlobalSection(NestedProjects) = preSolution
		{3684F5EF-B403-4125-9F95-4CEE863B7A0C} = {D98769AE-97AC-4EB0-AA92-44793C402B44}
		{634C69D2-E792-4C43-A99B-91A941DDA2B0} = {B9C014CE-4A7D-4894-826C-426D743F461F}
		{8E203F80-7793-4F87-8EF8-4755FC9D2C2F} = {D98769AE-97AC-4EB0-AA92-44793C402B44}
		{A5BD0511-6734-4802-8758-3D784377065A} = {D98769AE-97AC-4EB0-AA92-44793C402B44}
		{28322B17-8227-4D47-B0B8-339E5E4BD996} = {D98769AE-97AC-4EB0-AA92-44793C402B44}
		{9C2C5CB2-9AB6-433A-8CD4-8263AB10797F} = {D98769AE-97AC-4EB0-AA92-44793C402B44}
		{8A2AF8D4-2B88-4BA7-B533-81E733A68AE3} = {D98769AE-97AC-4EB0-AA92-44793C402B44}
		{09EB9C92-7B29-4369-B597-8A16179FA44E} = {D98769AE-97AC-4EB0-AA92-44793C402B44}
		{EF65F4B4-D894-4656-81AE-B1CCD06D7CE1} = {F588B745-965C-4D6C-93B5-84CD28B51A56}
		{A449C3C3-AF23-41A7-970D-5B5CF4800D4C} = {F588B745-965C-4D6C-93B5-84CD28B51A56}
		{507D99B0-24A4-4044-87D6-2B4AB9A9ACFF} = {EF65F4B4-D894-4656-81AE-B1CCD06D7CE1}
		{CFF2D496-F46D-4F42-8694-9EAA250D9F43} = {A449C3C3-AF23-41A7-970D-5B5CF4800D4C}
		{2D4FD6BB-9787-4F75-A234-AF6EB580C553} = {CFF2D496-F46D-4F42-8694-9EAA250D9F43}
		{D7BBFAF7-0934-4340-87B8-9C43E52F7486} = {CFF2D496-F46D-4F42-8694-9EAA250D9F43}
		{6CD3BF97-A776-42F8-8AB4-79CDDF45345B} = {CFF2D496-F46D-4F42-8694-9EAA250D9F43}
		{876E4F1C-06FF-46F4-8B50-871C9EE80E5C} = {CFF2D496-F46D-4F42-8694-9EAA250D9F43}
		{BF88FA52-C3D9-4223-A7F9-D153FBC5C203} = {507D99B0-24A4-4044-87D6-2B4AB9A9ACFF}
		{7E222714-CADA-41CE-94BC-E09D11DFB98F} = {507D99B0-24A4-4044-87D6-2B4AB9A9ACFF}
		{BBCD4E2A-451F-42CF-9E69-BA2930D83C2B} = {507D99B0-24A4-4044-87D6-2B4AB9A9ACFF}
		{FC7615EB-C87B-4BFE-B778-AAECE6BB4F66} = {507D99B0-24A4-4044-87D6-2B4AB9A9ACFF}
		{E9784297-9A00-4FB2-AD75-A83E3ECB4A7F} = {507D99B0-24A4-4044-87D6-2B4AB9A9ACFF}
		{DAF9F124-D53E-49A1-9B0E-D756CE9A3D56} = {CFF2D496-F46D-4F42-8694-9EAA250D9F43}
		{7A3F2218-917F-4B2A-90D5-3B1B7746C8C8} = {CFF2D496-F46D-4F42-8694-9EAA250D9F43}
		{07D4F11E-304B-480B-A387-5D7FDB71857A} = {507D99B0-24A4-4044-87D6-2B4AB9A9ACFF}
		{375CB25C-CC70-4B52-AA00-4E28C8EEEE46} = {07D4F11E-304B-480B-A387-5D7FDB71857A}
		{CD29DA1B-895C-4483-A3E8-B128EE78CE80} = {507D99B0-24A4-4044-87D6-2B4AB9A9ACFF}
		{B3FC9B4D-5960-4BB4-9FFE-30C21A37DC86} = {507D99B0-24A4-4044-87D6-2B4AB9A9ACFF}
		{71F9D0D2-0A50-44EA-A3A4-903864BCFD62} = {CEDE5385-2C3E-4EA7-BAFB-4A8276628E74}
		{4FBF1562-0FE7-4DA5-8AC2-03C09C026485} = {CEDE5385-2C3E-4EA7-BAFB-4A8276628E74}
		{C63CF8E5-E4A1-4EC6-8D21-813EA0EE130C} = {CFF2D496-F46D-4F42-8694-9EAA250D9F43}
		{94D3D2E6-ACF9-47D8-97A6-C8AC9F733C71} = {CFF2D496-F46D-4F42-8694-9EAA250D9F43}
		{7B293087-27C6-447C-AB86-5521145D3DE2} = {507D99B0-24A4-4044-87D6-2B4AB9A9ACFF}
		{CEDE5385-2C3E-4EA7-BAFB-4A8276628E74} = {CFF2D496-F46D-4F42-8694-9EAA250D9F43}
		{5A892CDF-BC6B-43FB-A17A-5C90E84FCCE2} = {CFF2D496-F46D-4F42-8694-9EAA250D9F43}
		{F0FB6DCF-BBC6-4A97-A197-3FEE9597AEB7} = {507D99B0-24A4-4044-87D6-2B4AB9A9ACFF}
		{97104AA3-D135-41F6-9563-2FF35CD944E1} = {EF65F4B4-D894-4656-81AE-B1CCD06D7CE1}
		{DCA0BE63-D1FC-47AE-AC8E-3A75EC00E002} = {97104AA3-D135-41F6-9563-2FF35CD944E1}
		{D91272AD-091E-468F-9144-658A1AFF9F53} = {97104AA3-D135-41F6-9563-2FF35CD944E1}
		{286BED1C-1CCF-499D-A58B-242EFA0496CC} = {DCA0BE63-D1FC-47AE-AC8E-3A75EC00E002}
		{F5DCE173-B05F-42B3-9A5D-9358A77E31C3} = {A449C3C3-AF23-41A7-970D-5B5CF4800D4C}
		{919B5F08-6CA3-4C5F-99FC-C0A0A0FA3599} = {F5DCE173-B05F-42B3-9A5D-9358A77E31C3}
		{4E947508-1FB1-43D6-8513-156E512BBB41} = {919B5F08-6CA3-4C5F-99FC-C0A0A0FA3599}
		{12F9FBF0-DCBA-4D71-82F1-160A79A586AD} = {F5DCE173-B05F-42B3-9A5D-9358A77E31C3}
		{D8A477C1-08FA-4D6A-8C8A-4009A252F92C} = {676455ED-D5D9-40A5-89E6-56B6A42C9A2D}
		{E6BB6E3B-FB26-4F3E-96D4-8E2BFB8BE8B8} = {D8A477C1-08FA-4D6A-8C8A-4009A252F92C}
		{E17F2E37-72E1-40A8-A52F-6349D9D1AF73} = {E6BB6E3B-FB26-4F3E-96D4-8E2BFB8BE8B8}
		{1CB7FB9F-5792-48B8-BF1A-9BD478FCA8CA} = {E6BB6E3B-FB26-4F3E-96D4-8E2BFB8BE8B8}
		{2CBBBCD1-FEC6-40C6-9319-D153122F5DCF} = {676455ED-D5D9-40A5-89E6-56B6A42C9A2D}
		{A9BB95AB-E9CE-430C-B15A-1C0B740AD173} = {2CBBBCD1-FEC6-40C6-9319-D153122F5DCF}
		{EC136861-3805-4142-965B-EECCA1117E4F} = {A9BB95AB-E9CE-430C-B15A-1C0B740AD173}
		{43103797-D5BC-446A-80B5-DE0BEFC13FE6} = {A9BB95AB-E9CE-430C-B15A-1C0B740AD173}
		{90D7688F-128F-49C0-A32C-C5476AADB56B} = {EC136861-3805-4142-965B-EECCA1117E4F}
		{0FA2ADEB-3855-4FB2-AC8A-5EFDB0FD0BDD} = {A9BB95AB-E9CE-430C-B15A-1C0B740AD173}
		{5F36C7EF-6421-4B41-BDD6-A5033A7508E1} = {E6BB6E3B-FB26-4F3E-96D4-8E2BFB8BE8B8}
		{7B43EE9F-4EB3-4E1F-8E61-DE2BC21EAE35} = {A449C3C3-AF23-41A7-970D-5B5CF4800D4C}
		{649C2E53-F1CC-41B2-BFD4-373BD11AC152} = {7B43EE9F-4EB3-4E1F-8E61-DE2BC21EAE35}
		{B08D2EEF-2FC4-4969-9B2E-86718E29FC3C} = {7B43EE9F-4EB3-4E1F-8E61-DE2BC21EAE35}
		{15747259-1911-4C91-AB20-DD965D492B7D} = {B08D2EEF-2FC4-4969-9B2E-86718E29FC3C}
		{D36CD482-7678-4022-814A-2CF71B3AC62B} = {7B43EE9F-4EB3-4E1F-8E61-DE2BC21EAE35}
	EndGlobalSection
	GlobalSection(ExtensibilityGlobals) = postSolution
		SolutionGuid = {F8696CBB-2750-4AFE-AFE7-121D7ED869FC}
	EndGlobalSection
EndGlobal
