
Microsoft Visual Studio Solution File, Format Version 12.00
# Visual Studio 15
VisualStudioVersion = 15.0.27703.2000
MinimumVisualStudioVersion = 10.0.40219.1
Project("{8BC9CEB8-8B4A-11D0-8D11-00A0C91BC942}") = "BubbleSort", "Sorting Algorithms\BubbleSort\BubbleSort.vcxproj", "{3684F5EF-B403-4125-9F95-4CEE863B7A0C}"
EndProject
Project("{2150E333-8FDC-42A3-9474-1A3956D46DE8}") = "Sorting Algorithms", "Sorting Algorithms", "{D98769AE-97AC-4EB0-AA92-44793C402B44}"
EndProject
Project("{2150E333-8FDC-42A3-9474-1A3956D46DE8}") = "Searching Algorithms", "Searching Algorithms", "{B9C014CE-4A7D-4894-826C-426D743F461F}"
EndProject
Project("{8BC9CEB8-8B4A-11D0-8D11-00A0C91BC942}") = "BinarySearch", "Searching Algorithms\BinarySearch\BinarySearch.vcxproj", "{634C69D2-E792-4C43-A99B-91A941DDA2B0}"
EndProject
Project("{8BC9CEB8-8B4A-11D0-8D11-00A0C91BC942}") = "Insertion Sort", "Sorting Algorithms\Insertion Sort\Insertion Sort.vcxproj", "{8E203F80-7793-4F87-8EF8-4755FC9D2C2F}"
EndProject
Project("{8BC9CEB8-8B4A-11D0-8D11-00A0C91BC942}") = "Test", "Test\Test.vcxproj", "{193140ED-A9BE-498A-BBE0-84D9521644D8}"
EndProject
Project("{8BC9CEB8-8B4A-11D0-8D11-00A0C91BC942}") = "SortingAlgos", "Sorting Algorithms\SortingAlgos\SortingAlgos.vcxproj", "{A5BD0511-6734-4802-8758-3D784377065A}"
EndProject
Project("{8BC9CEB8-8B4A-11D0-8D11-00A0C91BC942}") = "MergeSort", "Sorting Algorithms\MergeSort\MergeSort.vcxproj", "{28322B17-8227-4D47-B0B8-339E5E4BD996}"
EndProject
Project("{8BC9CEB8-8B4A-11D0-8D11-00A0C91BC942}") = "QuickSort", "QuickSort\QuickSort.vcxproj", "{9C2C5CB2-9AB6-433A-8CD4-8263AB10797F}"
EndProject
Project("{8BC9CEB8-8B4A-11D0-8D11-00A0C91BC942}") = "SelectionSort", "SelectionSort\SelectionSort.vcxproj", "{8A2AF8D4-2B88-4BA7-B533-81E733A68AE3}"
EndProject
Project("{8BC9CEB8-8B4A-11D0-8D11-00A0C91BC942}") = "HeapSort", "HeapSort\HeapSort.vcxproj", "{09EB9C92-7B29-4369-B597-8A16179FA44E}"
EndProject
Project("{2150E333-8FDC-42A3-9474-1A3956D46DE8}") = "CrackingCodingInterview", "CrackingCodingInterview", "{F588B745-965C-4D6C-93B5-84CD28B51A56}"
EndProject
Project("{2150E333-8FDC-42A3-9474-1A3956D46DE8}") = "vAnil", "vAnil", "{EF65F4B4-D894-4656-81AE-B1CCD06D7CE1}"
EndProject
Project("{2150E333-8FDC-42A3-9474-1A3956D46DE8}") = "vDimple", "vDimple", "{A449C3C3-AF23-41A7-970D-5B5CF4800D4C}"
EndProject
Project("{2150E333-8FDC-42A3-9474-1A3956D46DE8}") = "Array", "Array", "{507D99B0-24A4-4044-87D6-2B4AB9A9ACFF}"
EndProject
Project("{2150E333-8FDC-42A3-9474-1A3956D46DE8}") = "Array", "Array", "{CFF2D496-F46D-4F42-8694-9EAA250D9F43}"
EndProject
Project("{8BC9CEB8-8B4A-11D0-8D11-00A0C91BC942}") = "01 IsUnique", "CrackingCodingInterview\vDimple\Array\01 IsUnique\01 IsUnique.vcxproj", "{2D4FD6BB-9787-4F75-A234-AF6EB580C553}"
EndProject
Global
	GlobalSection(SolutionConfigurationPlatforms) = preSolution
		Debug|x64 = Debug|x64
		Debug|x86 = Debug|x86
		Release|x64 = Release|x64
		Release|x86 = Release|x86
	EndGlobalSection
	GlobalSection(ProjectConfigurationPlatforms) = postSolution
		{3684F5EF-B403-4125-9F95-4CEE863B7A0C}.Debug|x64.ActiveCfg = Debug|x64
		{3684F5EF-B403-4125-9F95-4CEE863B7A0C}.Debug|x64.Build.0 = Debug|x64
		{3684F5EF-B403-4125-9F95-4CEE863B7A0C}.Debug|x86.ActiveCfg = Debug|Win32
		{3684F5EF-B403-4125-9F95-4CEE863B7A0C}.Debug|x86.Build.0 = Debug|Win32
		{3684F5EF-B403-4125-9F95-4CEE863B7A0C}.Release|x64.ActiveCfg = Release|x64
		{3684F5EF-B403-4125-9F95-4CEE863B7A0C}.Release|x64.Build.0 = Release|x64
		{3684F5EF-B403-4125-9F95-4CEE863B7A0C}.Release|x86.ActiveCfg = Release|Win32
		{3684F5EF-B403-4125-9F95-4CEE863B7A0C}.Release|x86.Build.0 = Release|Win32
		{634C69D2-E792-4C43-A99B-91A941DDA2B0}.Debug|x64.ActiveCfg = Debug|x64
		{634C69D2-E792-4C43-A99B-91A941DDA2B0}.Debug|x64.Build.0 = Debug|x64
		{634C69D2-E792-4C43-A99B-91A941DDA2B0}.Debug|x86.ActiveCfg = Debug|Win32
		{634C69D2-E792-4C43-A99B-91A941DDA2B0}.Debug|x86.Build.0 = Debug|Win32
		{634C69D2-E792-4C43-A99B-91A941DDA2B0}.Release|x64.ActiveCfg = Release|x64
		{634C69D2-E792-4C43-A99B-91A941DDA2B0}.Release|x64.Build.0 = Release|x64
		{634C69D2-E792-4C43-A99B-91A941DDA2B0}.Release|x86.ActiveCfg = Release|Win32
		{634C69D2-E792-4C43-A99B-91A941DDA2B0}.Release|x86.Build.0 = Release|Win32
		{8E203F80-7793-4F87-8EF8-4755FC9D2C2F}.Debug|x64.ActiveCfg = Debug|x64
		{8E203F80-7793-4F87-8EF8-4755FC9D2C2F}.Debug|x64.Build.0 = Debug|x64
		{8E203F80-7793-4F87-8EF8-4755FC9D2C2F}.Debug|x86.ActiveCfg = Debug|Win32
		{8E203F80-7793-4F87-8EF8-4755FC9D2C2F}.Debug|x86.Build.0 = Debug|Win32
		{8E203F80-7793-4F87-8EF8-4755FC9D2C2F}.Release|x64.ActiveCfg = Release|x64
		{8E203F80-7793-4F87-8EF8-4755FC9D2C2F}.Release|x64.Build.0 = Release|x64
		{8E203F80-7793-4F87-8EF8-4755FC9D2C2F}.Release|x86.ActiveCfg = Release|Win32
		{8E203F80-7793-4F87-8EF8-4755FC9D2C2F}.Release|x86.Build.0 = Release|Win32
		{193140ED-A9BE-498A-BBE0-84D9521644D8}.Debug|x64.ActiveCfg = Debug|x64
		{193140ED-A9BE-498A-BBE0-84D9521644D8}.Debug|x64.Build.0 = Debug|x64
		{193140ED-A9BE-498A-BBE0-84D9521644D8}.Debug|x86.ActiveCfg = Debug|Win32
		{193140ED-A9BE-498A-BBE0-84D9521644D8}.Debug|x86.Build.0 = Debug|Win32
		{193140ED-A9BE-498A-BBE0-84D9521644D8}.Release|x64.ActiveCfg = Release|x64
		{193140ED-A9BE-498A-BBE0-84D9521644D8}.Release|x64.Build.0 = Release|x64
		{193140ED-A9BE-498A-BBE0-84D9521644D8}.Release|x86.ActiveCfg = Release|Win32
		{193140ED-A9BE-498A-BBE0-84D9521644D8}.Release|x86.Build.0 = Release|Win32
		{A5BD0511-6734-4802-8758-3D784377065A}.Debug|x64.ActiveCfg = Debug|x64
		{A5BD0511-6734-4802-8758-3D784377065A}.Debug|x64.Build.0 = Debug|x64
		{A5BD0511-6734-4802-8758-3D784377065A}.Debug|x86.ActiveCfg = Debug|Win32
		{A5BD0511-6734-4802-8758-3D784377065A}.Debug|x86.Build.0 = Debug|Win32
		{A5BD0511-6734-4802-8758-3D784377065A}.Release|x64.ActiveCfg = Release|x64
		{A5BD0511-6734-4802-8758-3D784377065A}.Release|x64.Build.0 = Release|x64
		{A5BD0511-6734-4802-8758-3D784377065A}.Release|x86.ActiveCfg = Release|Win32
		{A5BD0511-6734-4802-8758-3D784377065A}.Release|x86.Build.0 = Release|Win32
		{28322B17-8227-4D47-B0B8-339E5E4BD996}.Debug|x64.ActiveCfg = Debug|x64
		{28322B17-8227-4D47-B0B8-339E5E4BD996}.Debug|x64.Build.0 = Debug|x64
		{28322B17-8227-4D47-B0B8-339E5E4BD996}.Debug|x86.ActiveCfg = Debug|Win32
		{28322B17-8227-4D47-B0B8-339E5E4BD996}.Debug|x86.Build.0 = Debug|Win32
		{28322B17-8227-4D47-B0B8-339E5E4BD996}.Release|x64.ActiveCfg = Release|x64
		{28322B17-8227-4D47-B0B8-339E5E4BD996}.Release|x64.Build.0 = Release|x64
		{28322B17-8227-4D47-B0B8-339E5E4BD996}.Release|x86.ActiveCfg = Release|Win32
		{28322B17-8227-4D47-B0B8-339E5E4BD996}.Release|x86.Build.0 = Release|Win32
		{9C2C5CB2-9AB6-433A-8CD4-8263AB10797F}.Debug|x64.ActiveCfg = Debug|x64
		{9C2C5CB2-9AB6-433A-8CD4-8263AB10797F}.Debug|x64.Build.0 = Debug|x64
		{9C2C5CB2-9AB6-433A-8CD4-8263AB10797F}.Debug|x86.ActiveCfg = Debug|Win32
		{9C2C5CB2-9AB6-433A-8CD4-8263AB10797F}.Debug|x86.Build.0 = Debug|Win32
		{9C2C5CB2-9AB6-433A-8CD4-8263AB10797F}.Release|x64.ActiveCfg = Release|x64
		{9C2C5CB2-9AB6-433A-8CD4-8263AB10797F}.Release|x64.Build.0 = Release|x64
		{9C2C5CB2-9AB6-433A-8CD4-8263AB10797F}.Release|x86.ActiveCfg = Release|Win32
		{9C2C5CB2-9AB6-433A-8CD4-8263AB10797F}.Release|x86.Build.0 = Release|Win32
		{8A2AF8D4-2B88-4BA7-B533-81E733A68AE3}.Debug|x64.ActiveCfg = Debug|x64
		{8A2AF8D4-2B88-4BA7-B533-81E733A68AE3}.Debug|x64.Build.0 = Debug|x64
		{8A2AF8D4-2B88-4BA7-B533-81E733A68AE3}.Debug|x86.ActiveCfg = Debug|Win32
		{8A2AF8D4-2B88-4BA7-B533-81E733A68AE3}.Debug|x86.Build.0 = Debug|Win32
		{8A2AF8D4-2B88-4BA7-B533-81E733A68AE3}.Release|x64.ActiveCfg = Release|x64
		{8A2AF8D4-2B88-4BA7-B533-81E733A68AE3}.Release|x64.Build.0 = Release|x64
		{8A2AF8D4-2B88-4BA7-B533-81E733A68AE3}.Release|x86.ActiveCfg = Release|Win32
		{8A2AF8D4-2B88-4BA7-B533-81E733A68AE3}.Release|x86.Build.0 = Release|Win32
		{09EB9C92-7B29-4369-B597-8A16179FA44E}.Debug|x64.ActiveCfg = Debug|x64
		{09EB9C92-7B29-4369-B597-8A16179FA44E}.Debug|x64.Build.0 = Debug|x64
		{09EB9C92-7B29-4369-B597-8A16179FA44E}.Debug|x86.ActiveCfg = Debug|Win32
		{09EB9C92-7B29-4369-B597-8A16179FA44E}.Debug|x86.Build.0 = Debug|Win32
		{09EB9C92-7B29-4369-B597-8A16179FA44E}.Release|x64.ActiveCfg = Release|x64
		{09EB9C92-7B29-4369-B597-8A16179FA44E}.Release|x64.Build.0 = Release|x64
		{09EB9C92-7B29-4369-B597-8A16179FA44E}.Release|x86.ActiveCfg = Release|Win32
		{09EB9C92-7B29-4369-B597-8A16179FA44E}.Release|x86.Build.0 = Release|Win32
		{2D4FD6BB-9787-4F75-A234-AF6EB580C553}.Debug|x64.ActiveCfg = Debug|x64
		{2D4FD6BB-9787-4F75-A234-AF6EB580C553}.Debug|x64.Build.0 = Debug|x64
		{2D4FD6BB-9787-4F75-A234-AF6EB580C553}.Debug|x86.ActiveCfg = Debug|Win32
		{2D4FD6BB-9787-4F75-A234-AF6EB580C553}.Debug|x86.Build.0 = Debug|Win32
		{2D4FD6BB-9787-4F75-A234-AF6EB580C553}.Release|x64.ActiveCfg = Release|x64
		{2D4FD6BB-9787-4F75-A234-AF6EB580C553}.Release|x64.Build.0 = Release|x64
		{2D4FD6BB-9787-4F75-A234-AF6EB580C553}.Release|x86.ActiveCfg = Release|Win32
		{2D4FD6BB-9787-4F75-A234-AF6EB580C553}.Release|x86.Build.0 = Release|Win32
	EndGlobalSection
	GlobalSection(SolutionProperties) = preSolution
		HideSolutionNode = FALSE
	EndGlobalSection
	GlobalSection(NestedProjects) = preSolution
		{3684F5EF-B403-4125-9F95-4CEE863B7A0C} = {D98769AE-97AC-4EB0-AA92-44793C402B44}
		{634C69D2-E792-4C43-A99B-91A941DDA2B0} = {B9C014CE-4A7D-4894-826C-426D743F461F}
		{8E203F80-7793-4F87-8EF8-4755FC9D2C2F} = {D98769AE-97AC-4EB0-AA92-44793C402B44}
		{A5BD0511-6734-4802-8758-3D784377065A} = {D98769AE-97AC-4EB0-AA92-44793C402B44}
		{28322B17-8227-4D47-B0B8-339E5E4BD996} = {D98769AE-97AC-4EB0-AA92-44793C402B44}
		{9C2C5CB2-9AB6-433A-8CD4-8263AB10797F} = {D98769AE-97AC-4EB0-AA92-44793C402B44}
		{8A2AF8D4-2B88-4BA7-B533-81E733A68AE3} = {D98769AE-97AC-4EB0-AA92-44793C402B44}
		{09EB9C92-7B29-4369-B597-8A16179FA44E} = {D98769AE-97AC-4EB0-AA92-44793C402B44}
		{EF65F4B4-D894-4656-81AE-B1CCD06D7CE1} = {F588B745-965C-4D6C-93B5-84CD28B51A56}
		{A449C3C3-AF23-41A7-970D-5B5CF4800D4C} = {F588B745-965C-4D6C-93B5-84CD28B51A56}
		{507D99B0-24A4-4044-87D6-2B4AB9A9ACFF} = {EF65F4B4-D894-4656-81AE-B1CCD06D7CE1}
		{CFF2D496-F46D-4F42-8694-9EAA250D9F43} = {A449C3C3-AF23-41A7-970D-5B5CF4800D4C}
		{2D4FD6BB-9787-4F75-A234-AF6EB580C553} = {CFF2D496-F46D-4F42-8694-9EAA250D9F43}
	EndGlobalSection
	GlobalSection(ExtensibilityGlobals) = postSolution
		SolutionGuid = {F8696CBB-2750-4AFE-AFE7-121D7ED869FC}
	EndGlobalSection
EndGlobal
